
Microsoft Visual Studio Solution File, Format Version 12.00
# Visual Studio Version 17
VisualStudioVersion = 17.5.002.0
MinimumVisualStudioVersion = 10.0.40219.1
Project("{9A19103F-16F7-4668-BE54-9A1E7A4F7556}") = "NewTalents", "NewTalents\NewTalents.csproj", "{AD6FE35D-B6F4-423C-B82B-EE6E92FBD5F0}"
EndProject
Project("{FAE04EC0-301F-11D3-BF4B-00C04F79EFBC}") = "NewTalentsTestes", "NewTalentsTestes\NewTalentsTestes.csproj", "{7A213EE1-67CD-429A-A4A8-4665E7B993F3}"
EndProject
Global
	GlobalSection(SolutionConfigurationPlatforms) = preSolution
		Debug|Any CPU = Debug|Any CPU
		Release|Any CPU = Release|Any CPU
	EndGlobalSection
	GlobalSection(ProjectConfigurationPlatforms) = postSolution
		{AD6FE35D-B6F4-423C-B82B-EE6E92FBD5F0}.Debug|Any CPU.ActiveCfg = Debug|Any CPU
		{AD6FE35D-B6F4-423C-B82B-EE6E92FBD5F0}.Debug|Any CPU.Build.0 = Debug|Any CPU
		{AD6FE35D-B6F4-423C-B82B-EE6E92FBD5F0}.Release|Any CPU.ActiveCfg = Release|Any CPU
		{AD6FE35D-B6F4-423C-B82B-EE6E92FBD5F0}.Release|Any CPU.Build.0 = Release|Any CPU
		{7A213EE1-67CD-429A-A4A8-4665E7B993F3}.Debug|Any CPU.ActiveCfg = Debug|Any CPU
		{7A213EE1-67CD-429A-A4A8-4665E7B993F3}.Debug|Any CPU.Build.0 = Debug|Any CPU
		{7A213EE1-67CD-429A-A4A8-4665E7B993F3}.Release|Any CPU.ActiveCfg = Release|Any CPU
		{7A213EE1-67CD-429A-A4A8-4665E7B993F3}.Release|Any CPU.Build.0 = Release|Any CPU
	EndGlobalSection
	GlobalSection(SolutionProperties) = preSolution
		HideSolutionNode = FALSE
	EndGlobalSection
	GlobalSection(ExtensibilityGlobals) = postSolution
		SolutionGuid = {3B8EE488-B0B3-47B1-ACD5-0446FEDFA2AE}
	EndGlobalSection
EndGlobal
